{
  "requires": true,
  "lockfileVersion": 1,
  "dependencies": {
    "compass-vertical-rhythm": {
      "version": "1.4.5",
      "resolved": "https://registry.npmjs.org/compass-vertical-rhythm/-/compass-vertical-rhythm-1.4.5.tgz",
      "integrity": "sha512-bJo3IYX7xmmZCDYjrT2XolaiNjGZ4E2JvUGxpdU0ecbH4ZLK786wvc8aHKVrGrKct9JlkmJbUi8YLrQWvOc+uA==",
      "requires": {
        "convert-css-length": "^1.0.1",
        "object-assign": "^4.1.0",
        "parse-unit": "^1.0.1"
      }
    },
    "console-polyfill": {
      "version": "0.1.2",
      "resolved": "https://registry.npmjs.org/console-polyfill/-/console-polyfill-0.1.2.tgz",
      "integrity": "sha1-ls/tUcr3gYn2mVcubxgnHcN8DjA="
    },
    "convert-css-length": {
      "version": "1.0.2",
      "resolved": "https://registry.npmjs.org/convert-css-length/-/convert-css-length-1.0.2.tgz",
      "integrity": "sha512-ecV7j3hXyXN1X2XfJBzhMR0o1Obv0v3nHmn0UiS3ACENrzbxE/EknkiunS/fCwQva0U62X1GChi8GaPh4oTlLg==",
      "requires": {
        "console-polyfill": "^0.1.2",
        "parse-unit": "^1.0.1"
      }
    },
    "decamelize": {
      "version": "1.2.0",
      "resolved": "https://registry.npmjs.org/decamelize/-/decamelize-1.2.0.tgz",
      "integrity": "sha1-9lNNFRSCabIDUue+4m9QH5oZEpA="
    },
    "gray-percentage": {
      "version": "2.0.0",
      "resolved": "https://registry.npmjs.org/gray-percentage/-/gray-percentage-2.0.0.tgz",
      "integrity": "sha1-tyonTRsTeRBKAFC2OyB9xT/lb5k="
    },
    "lodash": {
      "version": "4.17.11",
      "resolved": "https://registry.npmjs.org/lodash/-/lodash-4.17.11.tgz",
      "integrity": "sha512-cQKh8igo5QUhZ7lg38DYWAxMvjSAKG0A8wGSVimP07SIUEK2UO+arSRKbRZWtelMtN5V0Hkwh5ryOto/SshYIg=="
    },
    "lodash.isnumber": {
      "version": "3.0.3",
      "resolved": "https://registry.npmjs.org/lodash.isnumber/-/lodash.isnumber-3.0.3.tgz",
      "integrity": "sha1-POdoEMWSjQM1IwGsKHMX8RwLH/w="
    },
    "modularscale": {
      "version": "1.0.2",
      "resolved": "https://registry.npmjs.org/modularscale/-/modularscale-1.0.2.tgz",
      "integrity": "sha1-So8TrzKl5SFPxuLPxSkGSr/X2Hc=",
      "requires": {
        "lodash.isnumber": "^3.0.0"
      }
    },
    "object-assign": {
      "version": "4.1.1",
      "resolved": "https://registry.npmjs.org/object-assign/-/object-assign-4.1.1.tgz",
      "integrity": "sha1-IQmtx5ZYh8/AXLvUQsrIv7s2CGM="
    },
    "parse-unit": {
      "version": "1.0.1",
      "resolved": "https://registry.npmjs.org/parse-unit/-/parse-unit-1.0.1.tgz",
      "integrity": "sha1-fhu21b7zh0wo45JSaiVBFwKR7s8="
    },
    "typography": {
      "version": "0.16.19",
      "resolved": "https://registry.npmjs.org/typography/-/typography-0.16.19.tgz",
      "integrity": "sha512-zfsyjPPB1RaK8TzU3REta6EGDZa++YQ6g/CWw7hy/8xQK1qyzFWisMIw5J+Yg1KyiVgcchmxlgMcMA6JAJ9oew==",
      "requires": {
        "compass-vertical-rhythm": "^1.4.5",
        "decamelize": "^1.2.0",
        "gray-percentage": "^2.0.0",
        "lodash": "^4.13.1",
        "modularscale": "^1.0.2",
        "object-assign": "^4.1.0",
        "typography-normalize": "^0.16.19"
      }
    },
    "typography-breakpoint-constants": {
      "version": "0.16.19",
      "resolved": "https://registry.npmjs.org/typography-breakpoint-constants/-/typography-breakpoint-constants-0.16.19.tgz",
      "integrity": "sha512-vXjfV9hwAXIOf5+U5GN137ahBkK+sj1TJu/5ksmP+8XB/D80lmGb/m0nKviWaQ3t7HLrK848VGrFS+6E2vcmVg=="
    },
    "typography-normalize": {
      "version": "0.16.19",
      "resolved": "https://registry.npmjs.org/typography-normalize/-/typography-normalize-0.16.19.tgz",
      "integrity": "sha512-vtnSv/uGBZVbd4e/ZhZB9HKBgKKlWQUXw74+ADIHHxzKp27CEf8PSR8TX1zF2qSyQ9/qMdqLwXYz8yRQFq9JLQ=="
    },
    "typography-plugin-code": {
      "version": "0.16.19",
      "resolved": "https://registry.npmjs.org/typography-plugin-code/-/typography-plugin-code-0.16.19.tgz",
      "integrity": "sha512-iIERwepUUdNPODL/nBnGuTCkA0TnflowsdZNMhhG50NNaZ2jNAhK2TWUEdSUZB+Iig1UMHtRSSXFuMt+9mWYig==",
      "requires": {
        "gray-percentage": "^2.0.0",
        "lodash": "^4.13.1"
      }
    },
    "typography-theme-fairy-gates": {
      "version": "0.16.19",
      "resolved": "https://registry.npmjs.org/typography-theme-fairy-gates/-/typography-theme-fairy-gates-0.16.19.tgz",
      "integrity": "sha512-3m0VdY504QqOKu3u3Q41iA9V8PHYFARsc28iYjP+wxZKrbc49TOUs7vH+EgqaLeeu63cIXO1wZ3BuULQLRwukg==",
      "requires": {
        "gray-percentage": "^2.0.0",
        "typography-breakpoint-constants": "^0.16.19"
      }
    },
    "typography-theme-funston": {
      "version": "0.16.19",
      "resolved": "https://registry.npmjs.org/typography-theme-funston/-/typography-theme-funston-0.16.19.tgz",
      "integrity": "sha512-0C6PAfgZju6is1Dys3sK06huefxFFhf+Y+1l+5G3TVXjJds27IrHSggdUDmTS/nxtTLo1v4zbNtu1Z1W5UNb/g==",
      "requires": {
        "gray-percentage": "^2.0.0",
        "typography-breakpoint-constants": "^0.16.19"
      }
    }
  }
}
